// !$*UTF8*$!
{
	archiveVersion = 1;
	classes = {
	};
	objectVersion = 56;
	objects = {

/* Begin PBXBuildFile section */
		CA053C3F2C8F5FCC0099105F /* NotificationTestAppApp.swift in Sources */ = {isa = PBXBuildFile; fileRef = CA053C3E2C8F5FCC0099105F /* NotificationTestAppApp.swift */; };
		CA053C412C8F5FCC0099105F /* ContentView.swift in Sources */ = {isa = PBXBuildFile; fileRef = CA053C402C8F5FCC0099105F /* ContentView.swift */; };
		CA053C452C8F5FCD0099105F /* Assets.xcassets in Resources */ = {isa = PBXBuildFile; fileRef = CA053C442C8F5FCD0099105F /* Assets.xcassets */; };
		CA053C482C8F5FCD0099105F /* Preview Assets.xcassets in Resources */ = {isa = PBXBuildFile; fileRef = CA053C472C8F5FCD0099105F /* Preview Assets.xcassets */; };
		CA053C522C8F5FCD0099105F /* NotificationTestAppTests.swift in Sources */ = {isa = PBXBuildFile; fileRef = CA053C512C8F5FCD0099105F /* NotificationTestAppTests.swift */; };
		CA053C5C2C8F5FCD0099105F /* NotificationTestAppUITests.swift in Sources */ = {isa = PBXBuildFile; fileRef = CA053C5B2C8F5FCD0099105F /* NotificationTestAppUITests.swift */; };
		CA053C5E2C8F5FCD0099105F /* NotificationTestAppUITestsLaunchTests.swift in Sources */ = {isa = PBXBuildFile; fileRef = CA053C5D2C8F5FCD0099105F /* NotificationTestAppUITestsLaunchTests.swift */; };
/* End PBXBuildFile section */

/* Begin PBXContainerItemProxy section */
		CA053C4E2C8F5FCD0099105F /* PBXContainerItemProxy */ = {
			isa = PBXContainerItemProxy;
			containerPortal = CA053C332C8F5FCC0099105F /* Project object */;
			proxyType = 1;
			remoteGlobalIDString = CA053C3A2C8F5FCC0099105F;
			remoteInfo = NotificationTestApp;
		};
		CA053C582C8F5FCD0099105F /* PBXContainerItemProxy */ = {
			isa = PBXContainerItemProxy;
			containerPortal = CA053C332C8F5FCC0099105F /* Project object */;
			proxyType = 1;
			remoteGlobalIDString = CA053C3A2C8F5FCC0099105F;
			remoteInfo = NotificationTestApp;
		};
/* End PBXContainerItemProxy section */

/* Begin PBXFileReference section */
		CA053C3B2C8F5FCC0099105F /* NotificationTestApp.app */ = {isa = PBXFileReference; explicitFileType = wrapper.application; includeInIndex = 0; path = NotificationTestApp.app; sourceTree = BUILT_PRODUCTS_DIR; };
		CA053C3E2C8F5FCC0099105F /* NotificationTestAppApp.swift */ = {isa = PBXFileReference; lastKnownFileType = sourcecode.swift; path = NotificationTestAppApp.swift; sourceTree = "<group>"; };
		CA053C402C8F5FCC0099105F /* ContentView.swift */ = {isa = PBXFileReference; lastKnownFileType = sourcecode.swift; path = ContentView.swift; sourceTree = "<group>"; };
		CA053C442C8F5FCD0099105F /* Assets.xcassets */ = {isa = PBXFileReference; lastKnownFileType = folder.assetcatalog; path = Assets.xcassets; sourceTree = "<group>"; };
		CA053C472C8F5FCD0099105F /* Preview Assets.xcassets */ = {isa = PBXFileReference; lastKnownFileType = folder.assetcatalog; path = "Preview Assets.xcassets"; sourceTree = "<group>"; };
		CA053C4D2C8F5FCD0099105F /* NotificationTestAppTests.xctest */ = {isa = PBXFileReference; explicitFileType = wrapper.cfbundle; includeInIndex = 0; path = NotificationTestAppTests.xctest; sourceTree = BUILT_PRODUCTS_DIR; };
		CA053C512C8F5FCD0099105F /* NotificationTestAppTests.swift */ = {isa = PBXFileReference; lastKnownFileType = sourcecode.swift; path = NotificationTestAppTests.swift; sourceTree = "<group>"; };
		CA053C572C8F5FCD0099105F /* NotificationTestAppUITests.xctest */ = {isa = PBXFileReference; explicitFileType = wrapper.cfbundle; includeInIndex = 0; path = NotificationTestAppUITests.xctest; sourceTree = BUILT_PRODUCTS_DIR; };
		CA053C5B2C8F5FCD0099105F /* NotificationTestAppUITests.swift */ = {isa = PBXFileReference; lastKnownFileType = sourcecode.swift; path = NotificationTestAppUITests.swift; sourceTree = "<group>"; };
		CA053C5D2C8F5FCD0099105F /* NotificationTestAppUITestsLaunchTests.swift */ = {isa = PBXFileReference; lastKnownFileType = sourcecode.swift; path = NotificationTestAppUITestsLaunchTests.swift; sourceTree = "<group>"; };
/* End PBXFileReference section */

/* Begin PBXFrameworksBuildPhase section */
		CA053C382C8F5FCC0099105F /* Frameworks */ = {
			isa = PBXFrameworksBuildPhase;
			buildActionMask = 2147483647;
			files = (
			);
			runOnlyForDeploymentPostprocessing = 0;
		};
		CA053C4A2C8F5FCD0099105F /* Frameworks */ = {
			isa = PBXFrameworksBuildPhase;
			buildActionMask = 2147483647;
			files = (
			);
			runOnlyForDeploymentPostprocessing = 0;
		};
		CA053C542C8F5FCD0099105F /* Frameworks */ = {
			isa = PBXFrameworksBuildPhase;
			buildActionMask = 2147483647;
			files = (
			);
			runOnlyForDeploymentPostprocessing = 0;
		};
/* End PBXFrameworksBuildPhase section */

/* Begin PBXGroup section */
		CA053C322C8F5FCC0099105F = {
			isa = PBXGroup;
			children = (
				CA053C3D2C8F5FCC0099105F /* NotificationTestApp */,
				CA053C502C8F5FCD0099105F /* NotificationTestAppTests */,
				CA053C5A2C8F5FCD0099105F /* NotificationTestAppUITests */,
				CA053C3C2C8F5FCC0099105F /* Products */,
			);
			sourceTree = "<group>";
		};
		CA053C3C2C8F5FCC0099105F /* Products */ = {
			isa = PBXGroup;
			children = (
				CA053C3B2C8F5FCC0099105F /* NotificationTestApp.app */,
				CA053C4D2C8F5FCD0099105F /* NotificationTestAppTests.xctest */,
				CA053C572C8F5FCD0099105F /* NotificationTestAppUITests.xctest */,
			);
			name = Products;
			sourceTree = "<group>";
		};
		CA053C3D2C8F5FCC0099105F /* NotificationTestApp */ = {
			isa = PBXGroup;
			children = (
				CA053C3E2C8F5FCC0099105F /* NotificationTestAppApp.swift */,
				CA053C402C8F5FCC0099105F /* ContentView.swift */,
				CA053C442C8F5FCD0099105F /* Assets.xcassets */,
				CA053C462C8F5FCD0099105F /* Preview Content */,
			);
			path = NotificationTestApp;
			sourceTree = "<group>";
		};
		CA053C462C8F5FCD0099105F /* Preview Content */ = {
			isa = PBXGroup;
			children = (
				CA053C472C8F5FCD0099105F /* Preview Assets.xcassets */,
			);
			path = "Preview Content";
			sourceTree = "<group>";
		};
		CA053C502C8F5FCD0099105F /* NotificationTestAppTests */ = {
			isa = PBXGroup;
			children = (
				CA053C512C8F5FCD0099105F /* NotificationTestAppTests.swift */,
			);
			path = NotificationTestAppTests;
			sourceTree = "<group>";
		};
		CA053C5A2C8F5FCD0099105F /* NotificationTestAppUITests */ = {
			isa = PBXGroup;
			children = (
				CA053C5B2C8F5FCD0099105F /* NotificationTestAppUITests.swift */,
				CA053C5D2C8F5FCD0099105F /* NotificationTestAppUITestsLaunchTests.swift */,
			);
			path = NotificationTestAppUITests;
			sourceTree = "<group>";
		};
/* End PBXGroup section */

/* Begin PBXNativeTarget section */
		CA053C3A2C8F5FCC0099105F /* NotificationTestApp */ = {
			isa = PBXNativeTarget;
			buildConfigurationList = CA053C612C8F5FCD0099105F /* Build configuration list for PBXNativeTarget "NotificationTestApp" */;
			buildPhases = (
				CA053C372C8F5FCC0099105F /* Sources */,
				CA053C382C8F5FCC0099105F /* Frameworks */,
				CA053C392C8F5FCC0099105F /* Resources */,
			);
			buildRules = (
			);
			dependencies = (
			);
			name = NotificationTestApp;
			productName = NotificationTestApp;
			productReference = CA053C3B2C8F5FCC0099105F /* NotificationTestApp.app */;
			productType = "com.apple.product-type.application";
		};
		CA053C4C2C8F5FCD0099105F /* NotificationTestAppTests */ = {
			isa = PBXNativeTarget;
			buildConfigurationList = CA053C642C8F5FCD0099105F /* Build configuration list for PBXNativeTarget "NotificationTestAppTests" */;
			buildPhases = (
				CA053C492C8F5FCD0099105F /* Sources */,
				CA053C4A2C8F5FCD0099105F /* Frameworks */,
				CA053C4B2C8F5FCD0099105F /* Resources */,
			);
			buildRules = (
			);
			dependencies = (
				CA053C4F2C8F5FCD0099105F /* PBXTargetDependency */,
			);
			name = NotificationTestAppTests;
			productName = NotificationTestAppTests;
			productReference = CA053C4D2C8F5FCD0099105F /* NotificationTestAppTests.xctest */;
			productType = "com.apple.product-type.bundle.unit-test";
		};
		CA053C562C8F5FCD0099105F /* NotificationTestAppUITests */ = {
			isa = PBXNativeTarget;
			buildConfigurationList = CA053C672C8F5FCD0099105F /* Build configuration list for PBXNativeTarget "NotificationTestAppUITests" */;
			buildPhases = (
				CA053C532C8F5FCD0099105F /* Sources */,
				CA053C542C8F5FCD0099105F /* Frameworks */,
				CA053C552C8F5FCD0099105F /* Resources */,
			);
			buildRules = (
			);
			dependencies = (
				CA053C592C8F5FCD0099105F /* PBXTargetDependency */,
			);
			name = NotificationTestAppUITests;
			productName = NotificationTestAppUITests;
			productReference = CA053C572C8F5FCD0099105F /* NotificationTestAppUITests.xctest */;
			productType = "com.apple.product-type.bundle.ui-testing";
		};
/* End PBXNativeTarget section */

/* Begin PBXProject section */
		CA053C332C8F5FCC0099105F /* Project object */ = {
			isa = PBXProject;
			attributes = {
				BuildIndependentTargetsInParallel = 1;
				LastSwiftUpdateCheck = 1540;
				LastUpgradeCheck = 1540;
				TargetAttributes = {
					CA053C3A2C8F5FCC0099105F = {
						CreatedOnToolsVersion = 15.4;
					};
					CA053C4C2C8F5FCD0099105F = {
						CreatedOnToolsVersion = 15.4;
						TestTargetID = CA053C3A2C8F5FCC0099105F;
					};
					CA053C562C8F5FCD0099105F = {
						CreatedOnToolsVersion = 15.4;
						TestTargetID = CA053C3A2C8F5FCC0099105F;
					};
				};
			};
			buildConfigurationList = CA053C362C8F5FCC0099105F /* Build configuration list for PBXProject "NotificationTestApp" */;
			compatibilityVersion = "Xcode 14.0";
			developmentRegion = en;
			hasScannedForEncodings = 0;
			knownRegions = (
				en,
				Base,
			);
			mainGroup = CA053C322C8F5FCC0099105F;
			productRefGroup = CA053C3C2C8F5FCC0099105F /* Products */;
			projectDirPath = "";
			projectRoot = "";
			targets = (
				CA053C3A2C8F5FCC0099105F /* NotificationTestApp */,
				CA053C4C2C8F5FCD0099105F /* NotificationTestAppTests */,
				CA053C562C8F5FCD0099105F /* NotificationTestAppUITests */,
			);
		};
/* End PBXProject section */

/* Begin PBXResourcesBuildPhase section */
		CA053C392C8F5FCC0099105F /* Resources */ = {
			isa = PBXResourcesBuildPhase;
			buildActionMask = 2147483647;
			files = (
				CA053C482C8F5FCD0099105F /* Preview Assets.xcassets in Resources */,
				CA053C452C8F5FCD0099105F /* Assets.xcassets in Resources */,
			);
			runOnlyForDeploymentPostprocessing = 0;
		};
		CA053C4B2C8F5FCD0099105F /* Resources */ = {
			isa = PBXResourcesBuildPhase;
			buildActionMask = 2147483647;
			files = (
			);
			runOnlyForDeploymentPostprocessing = 0;
		};
		CA053C552C8F5FCD0099105F /* Resources */ = {
			isa = PBXResourcesBuildPhase;
			buildActionMask = 2147483647;
			files = (
			);
			runOnlyForDeploymentPostprocessing = 0;
		};
/* End PBXResourcesBuildPhase section */

/* Begin PBXSourcesBuildPhase section */
		CA053C372C8F5FCC0099105F /* Sources */ = {
			isa = PBXSourcesBuildPhase;
			buildActionMask = 2147483647;
			files = (
				CA053C412C8F5FCC0099105F /* ContentView.swift in Sources */,
				CA053C3F2C8F5FCC0099105F /* NotificationTestAppApp.swift in Sources */,
			);
			runOnlyForDeploymentPostprocessing = 0;
		};
		CA053C492C8F5FCD0099105F /* Sources */ = {
			isa = PBXSourcesBuildPhase;
			buildActionMask = 2147483647;
			files = (
				CA053C522C8F5FCD0099105F /* NotificationTestAppTests.swift in Sources */,
			);
			runOnlyForDeploymentPostprocessing = 0;
		};
		CA053C532C8F5FCD0099105F /* Sources */ = {
			isa = PBXSourcesBuildPhase;
			buildActionMask = 2147483647;
			files = (
				CA053C5C2C8F5FCD0099105F /* NotificationTestAppUITests.swift in Sources */,
				CA053C5E2C8F5FCD0099105F /* NotificationTestAppUITestsLaunchTests.swift in Sources */,
			);
			runOnlyForDeploymentPostprocessing = 0;
		};
/* End PBXSourcesBuildPhase section */

/* Begin PBXTargetDependency section */
		CA053C4F2C8F5FCD0099105F /* PBXTargetDependency */ = {
			isa = PBXTargetDependency;
			target = CA053C3A2C8F5FCC0099105F /* NotificationTestApp */;
			targetProxy = CA053C4E2C8F5FCD0099105F /* PBXContainerItemProxy */;
		};
		CA053C592C8F5FCD0099105F /* PBXTargetDependency */ = {
			isa = PBXTargetDependency;
			target = CA053C3A2C8F5FCC0099105F /* NotificationTestApp */;
			targetProxy = CA053C582C8F5FCD0099105F /* PBXContainerItemProxy */;
		};
/* End PBXTargetDependency section */

/* Begin XCBuildConfiguration section */
		CA053C5F2C8F5FCD0099105F /* Debug */ = {
			isa = XCBuildConfiguration;
			buildSettings = {
				ALWAYS_SEARCH_USER_PATHS = NO;
				ASSETCATALOG_COMPILER_GENERATE_SWIFT_ASSET_SYMBOL_EXTENSIONS = YES;
				CLANG_ANALYZER_NONNULL = YES;
				CLANG_ANALYZER_NUMBER_OBJECT_CONVERSION = YES_AGGRESSIVE;
				CLANG_CXX_LANGUAGE_STANDARD = "gnu++20";
				CLANG_ENABLE_MODULES = YES;
				CLANG_ENABLE_OBJC_ARC = YES;
				CLANG_ENABLE_OBJC_WEAK = YES;
				CLANG_WARN_BLOCK_CAPTURE_AUTORELEASING = YES;
				CLANG_WARN_BOOL_CONVERSION = YES;
				CLANG_WARN_COMMA = YES;
				CLANG_WARN_CONSTANT_CONVERSION = YES;
				CLANG_WARN_DEPRECATED_OBJC_IMPLEMENTATIONS = YES;
				CLANG_WARN_DIRECT_OBJC_ISA_USAGE = YES_ERROR;
				CLANG_WARN_DOCUMENTATION_COMMENTS = YES;
				CLANG_WARN_EMPTY_BODY = YES;
				CLANG_WARN_ENUM_CONVERSION = YES;
				CLANG_WARN_INFINITE_RECURSION = YES;
				CLANG_WARN_INT_CONVERSION = YES;
				CLANG_WARN_NON_LITERAL_NULL_CONVERSION = YES;
				CLANG_WARN_OBJC_IMPLICIT_RETAIN_SELF = YES;
				CLANG_WARN_OBJC_LITERAL_CONVERSION = YES;
				CLANG_WARN_OBJC_ROOT_CLASS = YES_ERROR;
				CLANG_WARN_QUOTED_INCLUDE_IN_FRAMEWORK_HEADER = YES;
				CLANG_WARN_RANGE_LOOP_ANALYSIS = YES;
				CLANG_WARN_STRICT_PROTOTYPES = YES;
				CLANG_WARN_SUSPICIOUS_MOVE = YES;
				CLANG_WARN_UNGUARDED_AVAILABILITY = YES_AGGRESSIVE;
				CLANG_WARN_UNREACHABLE_CODE = YES;
				CLANG_WARN__DUPLICATE_METHOD_MATCH = YES;
				COPY_PHASE_STRIP = NO;
				DEBUG_INFORMATION_FORMAT = dwarf;
				ENABLE_STRICT_OBJC_MSGSEND = YES;
				ENABLE_TESTABILITY = YES;
				ENABLE_USER_SCRIPT_SANDBOXING = YES;
				GCC_C_LANGUAGE_STANDARD = gnu17;
				GCC_DYNAMIC_NO_PIC = NO;
				GCC_NO_COMMON_BLOCKS = YES;
				GCC_OPTIMIZATION_LEVEL = 0;
				GCC_PREPROCESSOR_DEFINITIONS = (
					"DEBUG=1",
					"$(inherited)",
				);
				GCC_WARN_64_TO_32_BIT_CONVERSION = YES;
				GCC_WARN_ABOUT_RETURN_TYPE = YES_ERROR;
				GCC_WARN_UNDECLARED_SELECTOR = YES;
				GCC_WARN_UNINITIALIZED_AUTOS = YES_AGGRESSIVE;
				GCC_WARN_UNUSED_FUNCTION = YES;
				GCC_WARN_UNUSED_VARIABLE = YES;
				IPHONEOS_DEPLOYMENT_TARGET = 17.5;
				LOCALIZATION_PREFERS_STRING_CATALOGS = YES;
				MTL_ENABLE_DEBUG_INFO = INCLUDE_SOURCE;
				MTL_FAST_MATH = YES;
				ONLY_ACTIVE_ARCH = YES;
				SDKROOT = iphoneos;
				SWIFT_ACTIVE_COMPILATION_CONDITIONS = "DEBUG $(inherited)";
				SWIFT_OPTIMIZATION_LEVEL = "-Onone";
			};
			name = Debug;
		};
		CA053C602C8F5FCD0099105F /* Release */ = {
			isa = XCBuildConfiguration;
			buildSettings = {
				ALWAYS_SEARCH_USER_PATHS = NO;
				ASSETCATALOG_COMPILER_GENERATE_SWIFT_ASSET_SYMBOL_EXTENSIONS = YES;
				CLANG_ANALYZER_NONNULL = YES;
				CLANG_ANALYZER_NUMBER_OBJECT_CONVERSION = YES_AGGRESSIVE;
				CLANG_CXX_LANGUAGE_STANDARD = "gnu++20";
				CLANG_ENABLE_MODULES = YES;
				CLANG_ENABLE_OBJC_ARC = YES;
				CLANG_ENABLE_OBJC_WEAK = YES;
				CLANG_WARN_BLOCK_CAPTURE_AUTORELEASING = YES;
				CLANG_WARN_BOOL_CONVERSION = YES;
				CLANG_WARN_COMMA = YES;
				CLANG_WARN_CONSTANT_CONVERSION = YES;
				CLANG_WARN_DEPRECATED_OBJC_IMPLEMENTATIONS = YES;
				CLANG_WARN_DIRECT_OBJC_ISA_USAGE = YES_ERROR;
				CLANG_WARN_DOCUMENTATION_COMMENTS = YES;
				CLANG_WARN_EMPTY_BODY = YES;
				CLANG_WARN_ENUM_CONVERSION = YES;
				CLANG_WARN_INFINITE_RECURSION = YES;
				CLANG_WARN_INT_CONVERSION = YES;
				CLANG_WARN_NON_LITERAL_NULL_CONVERSION = YES;
				CLANG_WARN_OBJC_IMPLICIT_RETAIN_SELF = YES;
				CLANG_WARN_OBJC_LITERAL_CONVERSION = YES;
				CLANG_WARN_OBJC_ROOT_CLASS = YES_ERROR;
				CLANG_WARN_QUOTED_INCLUDE_IN_FRAMEWORK_HEADER = YES;
				CLANG_WARN_RANGE_LOOP_ANALYSIS = YES;
				CLANG_WARN_STRICT_PROTOTYPES = YES;
				CLANG_WARN_SUSPICIOUS_MOVE = YES;
				CLANG_WARN_UNGUARDED_AVAILABILITY = YES_AGGRESSIVE;
				CLANG_WARN_UNREACHABLE_CODE = YES;
				CLANG_WARN__DUPLICATE_METHOD_MATCH = YES;
				COPY_PHASE_STRIP = NO;
				DEBUG_INFORMATION_FORMAT = "dwarf-with-dsym";
				ENABLE_NS_ASSERTIONS = NO;
				ENABLE_STRICT_OBJC_MSGSEND = YES;
				ENABLE_USER_SCRIPT_SANDBOXING = YES;
				GCC_C_LANGUAGE_STANDARD = gnu17;
				GCC_NO_COMMON_BLOCKS = YES;
				GCC_WARN_64_TO_32_BIT_CONVERSION = YES;
				GCC_WARN_ABOUT_RETURN_TYPE = YES_ERROR;
				GCC_WARN_UNDECLARED_SELECTOR = YES;
				GCC_WARN_UNINITIALIZED_AUTOS = YES_AGGRESSIVE;
				GCC_WARN_UNUSED_FUNCTION = YES;
				GCC_WARN_UNUSED_VARIABLE = YES;
				IPHONEOS_DEPLOYMENT_TARGET = 17.5;
				LOCALIZATION_PREFERS_STRING_CATALOGS = YES;
				MTL_ENABLE_DEBUG_INFO = NO;
				MTL_FAST_MATH = YES;
				SDKROOT = iphoneos;
				SWIFT_COMPILATION_MODE = wholemodule;
				VALIDATE_PRODUCT = YES;
			};
			name = Release;
		};
		CA053C622C8F5FCD0099105F /* Debug */ = {
			isa = XCBuildConfiguration;
			buildSettings = {
				ASSETCATALOG_COMPILER_APPICON_NAME = AppIcon;
				ASSETCATALOG_COMPILER_GLOBAL_ACCENT_COLOR_NAME = AccentColor;
				CODE_SIGN_STYLE = Automatic;
				CURRENT_PROJECT_VERSION = 1;
				DEVELOPMENT_ASSET_PATHS = "\"NotificationTestApp/Preview Content\"";
				DEVELOPMENT_TEAM = 83Z22V6XMU;
				ENABLE_PREVIEWS = YES;
				GENERATE_INFOPLIST_FILE = YES;
				INFOPLIST_KEY_UIApplicationSceneManifest_Generation = YES;
				INFOPLIST_KEY_UIApplicationSupportsIndirectInputEvents = YES;
				INFOPLIST_KEY_UILaunchScreen_Generation = YES;
				INFOPLIST_KEY_UISupportedInterfaceOrientations_iPad = "UIInterfaceOrientationPortrait UIInterfaceOrientationPortraitUpsideDown UIInterfaceOrientationLandscapeLeft UIInterfaceOrientationLandscapeRight";
				INFOPLIST_KEY_UISupportedInterfaceOrientations_iPhone = "UIInterfaceOrientationPortrait UIInterfaceOrientationLandscapeLeft UIInterfaceOrientationLandscapeRight";
				LD_RUNPATH_SEARCH_PATHS = (
					"$(inherited)",
					"@executable_path/Frameworks",
				);
				MARKETING_VERSION = 1.0;
				PRODUCT_BUNDLE_IDENTIFIER = com.conner.yoon.NotificationTestApp;
				PRODUCT_NAME = "$(TARGET_NAME)";
				SWIFT_EMIT_LOC_STRINGS = YES;
				SWIFT_VERSION = 5.0;
				TARGETED_DEVICE_FAMILY = "1,2";
			};
			name = Debug;
		};
		CA053C632C8F5FCD0099105F /* Release */ = {
			isa = XCBuildConfiguration;
			buildSettings = {
				ASSETCATALOG_COMPILER_APPICON_NAME = AppIcon;
				ASSETCATALOG_COMPILER_GLOBAL_ACCENT_COLOR_NAME = AccentColor;
				CODE_SIGN_STYLE = Automatic;
				CURRENT_PROJECT_VERSION = 1;
				DEVELOPMENT_ASSET_PATHS = "\"NotificationTestApp/Preview Content\"";
				DEVELOPMENT_TEAM = 83Z22V6XMU;
				ENABLE_PREVIEWS = YES;
				GENERATE_INFOPLIST_FILE = YES;
				INFOPLIST_KEY_UIApplicationSceneManifest_Generation = YES;
				INFOPLIST_KEY_UIApplicationSupportsIndirectInputEvents = YES;
				INFOPLIST_KEY_UILaunchScreen_Generation = YES;
				INFOPLIST_KEY_UISupportedInterfaceOrientations_iPad = "UIInterfaceOrientationPortrait UIInterfaceOrientationPortraitUpsideDown UIInterfaceOrientationLandscapeLeft UIInterfaceOrientationLandscapeRight";
				INFOPLIST_KEY_UISupportedInterfaceOrientations_iPhone = "UIInterfaceOrientationPortrait UIInterfaceOrientationLandscapeLeft UIInterfaceOrientationLandscapeRight";
				LD_RUNPATH_SEARCH_PATHS = (
					"$(inherited)",
					"@executable_path/Frameworks",
				);
				MARKETING_VERSION = 1.0;
				PRODUCT_BUNDLE_IDENTIFIER = com.conner.yoon.NotificationTestApp;
				PRODUCT_NAME = "$(TARGET_NAME)";
				SWIFT_EMIT_LOC_STRINGS = YES;
				SWIFT_VERSION = 5.0;
				TARGETED_DEVICE_FAMILY = "1,2";
			};
			name = Release;
		};
		CA053C652C8F5FCD0099105F /* Debug */ = {
			isa = XCBuildConfiguration;
			buildSettings = {
				ALWAYS_EMBED_SWIFT_STANDARD_LIBRARIES = YES;
				BUNDLE_LOADER = "$(TEST_HOST)";
				CODE_SIGN_STYLE = Automatic;
				CURRENT_PROJECT_VERSION = 1;
				DEVELOPMENT_TEAM = 83Z22V6XMU;
				GENERATE_INFOPLIST_FILE = YES;
				IPHONEOS_DEPLOYMENT_TARGET = 17.5;
				MARKETING_VERSION = 1.0;
				PRODUCT_BUNDLE_IDENTIFIER = com.conner.yoon.NotificationTestAppTests;
				PRODUCT_NAME = "$(TARGET_NAME)";
				SWIFT_EMIT_LOC_STRINGS = NO;
				SWIFT_VERSION = 5.0;
				TARGETED_DEVICE_FAMILY = "1,2";
				TEST_HOST = "$(BUILT_PRODUCTS_DIR)/NotificationTestApp.app/$(BUNDLE_EXECUTABLE_FOLDER_PATH)/NotificationTestApp";
			};
			name = Debug;
		};
		CA053C662C8F5FCD0099105F /* Release */ = {
			isa = XCBuildConfiguration;
			buildSettings = {
				ALWAYS_EMBED_SWIFT_STANDARD_LIBRARIES = YES;
				BUNDLE_LOADER = "$(TEST_HOST)";
				CODE_SIGN_STYLE = Automatic;
				CURRENT_PROJECT_VERSION = 1;
				DEVELOPMENT_TEAM = 83Z22V6XMU;
				GENERATE_INFOPLIST_FILE = YES;
				IPHONEOS_DEPLOYMENT_TARGET = 17.5;
				MARKETING_VERSION = 1.0;
				PRODUCT_BUNDLE_IDENTIFIER = com.conner.yoon.NotificationTestAppTests;
				PRODUCT_NAME = "$(TARGET_NAME)";
				SWIFT_EMIT_LOC_STRINGS = NO;
				SWIFT_VERSION = 5.0;
				TARGETED_DEVICE_FAMILY = "1,2";
				TEST_HOST = "$(BUILT_PRODUCTS_DIR)/NotificationTestApp.app/$(BUNDLE_EXECUTABLE_FOLDER_PATH)/NotificationTestApp";
			};
			name = Release;
		};
		CA053C682C8F5FCD0099105F /* Debug */ = {
			isa = XCBuildConfiguration;
			buildSettings = {
				ALWAYS_EMBED_SWIFT_STANDARD_LIBRARIES = YES;
				CODE_SIGN_STYLE = Automatic;
				CURRENT_PROJECT_VERSION = 1;
				DEVELOPMENT_TEAM = 83Z22V6XMU;
				GENERATE_INFOPLIST_FILE = YES;
				MARKETING_VERSION = 1.0;
				PRODUCT_BUNDLE_IDENTIFIER = com.conner.yoon.NotificationTestAppUITests;
				PRODUCT_NAME = "$(TARGET_NAME)";
				SWIFT_EMIT_LOC_STRINGS = NO;
				SWIFT_VERSION = 5.0;
				TARGETED_DEVICE_FAMILY = "1,2";
				TEST_TARGET_NAME = NotificationTestApp;
			};
			name = Debug;
		};
		CA053C692C8F5FCD0099105F /* Release */ = {
			isa = XCBuildConfiguration;
			buildSettings = {
				ALWAYS_EMBED_SWIFT_STANDARD_LIBRARIES = YES;
				CODE_SIGN_STYLE = Automatic;
				CURRENT_PROJECT_VERSION = 1;
				DEVELOPMENT_TEAM = 83Z22V6XMU;
				GENERATE_INFOPLIST_FILE = YES;
				MARKETING_VERSION = 1.0;
				PRODUCT_BUNDLE_IDENTIFIER = com.conner.yoon.NotificationTestAppUITests;
				PRODUCT_NAME = "$(TARGET_NAME)";
				SWIFT_EMIT_LOC_STRINGS = NO;
				SWIFT_VERSION = 5.0;
				TARGETED_DEVICE_FAMILY = "1,2";
				TEST_TARGET_NAME = NotificationTestApp;
			};
			name = Release;
		};
/* End XCBuildConfiguration section */

/* Begin XCConfigurationList section */
		CA053C362C8F5FCC0099105F /* Build configuration list for PBXProject "NotificationTestApp" */ = {
			isa = XCConfigurationList;
			buildConfigurations = (
				CA053C5F2C8F5FCD0099105F /* Debug */,
				CA053C602C8F5FCD0099105F /* Release */,
			);
			defaultConfigurationIsVisible = 0;
			defaultConfigurationName = Release;
		};
		CA053C612C8F5FCD0099105F /* Build configuration list for PBXNativeTarget "NotificationTestApp" */ = {
			isa = XCConfigurationList;
			buildConfigurations = (
				CA053C622C8F5FCD0099105F /* Debug */,
				CA053C632C8F5FCD0099105F /* Release */,
			);
			defaultConfigurationIsVisible = 0;
			defaultConfigurationName = Release;
		};
		CA053C642C8F5FCD0099105F /* Build configuration list for PBXNativeTarget "NotificationTestAppTests" */ = {
			isa = XCConfigurationList;
			buildConfigurations = (
				CA053C652C8F5FCD0099105F /* Debug */,
				CA053C662C8F5FCD0099105F /* Release */,
			);
			defaultConfigurationIsVisible = 0;
			defaultConfigurationName = Release;
		};
		CA053C672C8F5FCD0099105F /* Build configuration list for PBXNativeTarget "NotificationTestAppUITests" */ = {
			isa = XCConfigurationList;
			buildConfigurations = (
				CA053C682C8F5FCD0099105F /* Debug */,
				CA053C692C8F5FCD0099105F /* Release */,
			);
			defaultConfigurationIsVisible = 0;
			defaultConfigurationName = Release;
		};
/* End XCConfigurationList section */
	};
	rootObject = CA053C332C8F5FCC0099105F /* Project object */;
}
